<?xml version="1.0" encoding="utf-8"?>
<Project ToolsVersion="4.0" xmlns="http://schemas.microsoft.com/developer/msbuild/2003">
  <ItemGroup>
    <Filter Include="Исходные файлы">
      <UniqueIdentifier>{4FC737F1-C7A5-4376-A066-2A32D752A2FF}</UniqueIdentifier>
      <Extensions>cpp;c;cc;cxx;def;odl;idl;hpj;bat;asm;asmx</Extensions>
    </Filter>
    <Filter Include="Файлы заголовков">
      <UniqueIdentifier>{93995380-89BD-4b04-88EB-625FBE52EBFB}</UniqueIdentifier>
      <Extensions>h;hh;hpp;hxx;hm;inl;inc;ipp;xsd</Extensions>
    </Filter>
    <Filter Include="Файлы ресурсов">
      <UniqueIdentifier>{67DA6AB6-F800-4c08-8B7A-83BB121AAD01}</UniqueIdentifier>
      <Extensions>rc;ico;cur;bmp;dlg;rc2;rct;bin;rgs;gif;jpg;jpeg;jpe;resx;tiff;tif;png;wav;mfcribbon-ms</Extensions>
    </Filter>
    <Filter Include="Исходные файлы\pugixml">
      <UniqueIdentifier>{06c27de3-b19b-4d48-ae39-f53adb90d841}</UniqueIdentifier>
    </Filter>
    <Filter Include="Файлы заголовков\pugixml">
      <UniqueIdentifier>{c3a6d754-a048-4e0e-ad41-f09cbf6df410}</UniqueIdentifier>
    </Filter>
    <Filter Include="Самый главный файл">
      <UniqueIdentifier>{a8f02d73-aef1-41a0-8020-75b60d4e5c7b}</UniqueIdentifier>
    </Filter>
    <Filter Include="Прекомпилированные заголовки">
      <UniqueIdentifier>{48ec1c2d-1ebc-4a86-9e7a-98735e07de63}</UniqueIdentifier>
    </Filter>
    <Filter Include="Исходные файлы\Сетка">
      <UniqueIdentifier>{61fb5016-aa50-4a2f-a03e-dfa0408d6150}</UniqueIdentifier>
    </Filter>
    <Filter Include="Файлы заголовков\Сетка">
      <UniqueIdentifier>{6b411adc-9ac7-41b0-82d6-e0691983d5d9}</UniqueIdentifier>
    </Filter>
  </ItemGroup>
  <ItemGroup>
    <ClCompile Include="utilites.cpp">
      <Filter>Исходные файлы</Filter>
    </ClCompile>
    <ClCompile Include="pugixml.cpp">
      <Filter>Исходные файлы\pugixml</Filter>
    </ClCompile>
    <ClCompile Include="MagicGameObject.cpp">
      <Filter>Исходные файлы</Filter>
    </ClCompile>
    <ClCompile Include="SFML_SimplePlatformerEngine.cpp">
      <Filter>Самый главный файл</Filter>
    </ClCompile>
    <ClCompile Include="pch.cpp">
      <Filter>Прекомпилированные заголовки</Filter>
    </ClCompile>
    <ClCompile Include="MagicGridColumn.cpp">
      <Filter>Исходные файлы\Сетка</Filter>
    </ClCompile>
    <ClCompile Include="MagicGrid.cpp">
      <Filter>Исходные файлы\Сетка</Filter>
    </ClCompile>
    <ClCompile Include="MagicGridCell.cpp">
      <Filter>Исходные файлы\Сетка</Filter>
    </ClCompile>
  </ItemGroup>
  <ItemGroup>
    <ClInclude Include="utilites.h">
      <Filter>Файлы заголовков</Filter>
    </ClInclude>
    <ClInclude Include="pugixml.hpp">
      <Filter>Исходные файлы\pugixml</Filter>
    </ClInclude>
    <ClInclude Include="pugiconfig.hpp">
      <Filter>Файлы заголовков\pugixml</Filter>
    </ClInclude>
    <ClInclude Include="MagicGameObject.h">
      <Filter>Файлы заголовков</Filter>
    </ClInclude>
    <ClInclude Include="pch.h">
      <Filter>Прекомпилированные заголовки</Filter>
    </ClInclude>
    <ClInclude Include="MagicGridColumn.h">
      <Filter>Файлы заголовков\Сетка</Filter>
    </ClInclude>
    <ClInclude Include="MagicGrid.h">
      <Filter>Файлы заголовков\Сетка</Filter>
    </ClInclude>
    <ClInclude Include="MagicGridCell.h">
      <Filter>Файлы заголовков\Сетка</Filter>
    </ClInclude>
  </ItemGroup>
</Project>