<?xml version="1.0" encoding="utf-8"?>
<Project ToolsVersion="4.0" xmlns="http://schemas.microsoft.com/developer/msbuild/2003">
  <ItemGroup>
    <Filter Include="Исходные файлы">
      <UniqueIdentifier>{4FC737F1-C7A5-4376-A066-2A32D752A2FF}</UniqueIdentifier>
      <Extensions>cpp;c;cc;cxx;def;odl;idl;hpj;bat;asm;asmx</Extensions>
    </Filter>
    <Filter Include="Файлы заголовков">
      <UniqueIdentifier>{93995380-89BD-4b04-88EB-625FBE52EBFB}</UniqueIdentifier>
      <Extensions>h;hh;hpp;hxx;hm;inl;inc;ipp;xsd</Extensions>
    </Filter>
    <Filter Include="Файлы ресурсов">
      <UniqueIdentifier>{67DA6AB6-F800-4c08-8B7A-83BB121AAD01}</UniqueIdentifier>
      <Extensions>rc;ico;cur;bmp;dlg;rc2;rct;bin;rgs;gif;jpg;jpeg;jpe;resx;tiff;tif;png;wav;mfcribbon-ms</Extensions>
    </Filter>
    <Filter Include="Самый главный файл">
      <UniqueIdentifier>{2f017f85-bef5-407a-9589-692dca095695}</UniqueIdentifier>
    </Filter>
    <Filter Include="Исходные файлы\Сетка">
      <UniqueIdentifier>{b2f83eed-60c0-4f88-b0f9-eac70ba7d9cf}</UniqueIdentifier>
    </Filter>
    <Filter Include="Исходные файлы\pugixml">
      <UniqueIdentifier>{8f1d1129-b2fb-4156-b26c-aaf3a3b6ef97}</UniqueIdentifier>
    </Filter>
    <Filter Include="Файлы заголовков\pugixml">
      <UniqueIdentifier>{992b8eed-323f-4611-8eba-9c14ab10d930}</UniqueIdentifier>
    </Filter>
    <Filter Include="Прекомпилированные заголовки">
      <UniqueIdentifier>{84d2ee9a-e5b1-4e48-bdd0-5f543c95469d}</UniqueIdentifier>
    </Filter>
    <Filter Include="Файлы заголовков\Сетка">
      <UniqueIdentifier>{e30bac0e-35a1-4bbd-b3cd-3b362bdfdd08}</UniqueIdentifier>
    </Filter>
    <Filter Include="Исходные файлы\Игровые объекты">
      <UniqueIdentifier>{28d97be0-3c64-45d1-9251-a42c3de57f4c}</UniqueIdentifier>
    </Filter>
    <Filter Include="Файлы заголовков\Игровые объекты">
      <UniqueIdentifier>{742f3b6f-7766-4ea0-a315-98c0544e63a8}</UniqueIdentifier>
    </Filter>
  </ItemGroup>
  <ItemGroup>
    <ClCompile Include="..\utilites.cpp">
      <Filter>Исходные файлы</Filter>
    </ClCompile>
    <ClCompile Include="MySimlpePlatformerEngine_Tests.cpp">
      <Filter>Самый главный файл</Filter>
    </ClCompile>
    <ClCompile Include="..\MagicGrid.cpp">
      <Filter>Исходные файлы\Сетка</Filter>
    </ClCompile>
    <ClCompile Include="..\MagicGridCell.cpp">
      <Filter>Исходные файлы\Сетка</Filter>
    </ClCompile>
    <ClCompile Include="..\MagicGridColumn.cpp">
      <Filter>Исходные файлы\Сетка</Filter>
    </ClCompile>
    <ClCompile Include="..\pugixml.cpp">
      <Filter>Исходные файлы\pugixml</Filter>
    </ClCompile>
    <ClCompile Include="..\pch.cpp">
      <Filter>Прекомпилированные заголовки</Filter>
    </ClCompile>
    <ClCompile Include="..\SFML_SimplePlatformerEngine.cpp">
      <Filter>Самый главный файл</Filter>
    </ClCompile>
    <ClCompile Include="..\MagicAnimatedObject.cpp">
      <Filter>Исходные файлы\Игровые объекты</Filter>
    </ClCompile>
    <ClCompile Include="..\MagicGameObject.cpp">
      <Filter>Исходные файлы\Игровые объекты</Filter>
    </ClCompile>
  </ItemGroup>
  <ItemGroup>
    <ClInclude Include="..\utilites.h">
      <Filter>Файлы заголовков</Filter>
    </ClInclude>
    <ClInclude Include="..\pugiconfig.hpp">
      <Filter>Файлы заголовков\pugixml</Filter>
    </ClInclude>
    <ClInclude Include="..\pugixml.hpp">
      <Filter>Файлы заголовков\pugixml</Filter>
    </ClInclude>
    <ClInclude Include="..\MagicGridColumn.h">
      <Filter>Файлы заголовков\Сетка</Filter>
    </ClInclude>
    <ClInclude Include="..\MagicGrid.h">
      <Filter>Файлы заголовков\Сетка</Filter>
    </ClInclude>
    <ClInclude Include="..\MagicGridCell.h">
      <Filter>Файлы заголовков\Сетка</Filter>
    </ClInclude>
    <ClInclude Include="..\pch.h">
      <Filter>Прекомпилированные заголовки</Filter>
    </ClInclude>
    <ClInclude Include="..\MagicGameObject.h">
      <Filter>Файлы заголовков\Игровые объекты</Filter>
    </ClInclude>
    <ClInclude Include="..\MagicAnimatedObject.h">
      <Filter>Файлы заголовков\Игровые объекты</Filter>
    </ClInclude>
  </ItemGroup>
</Project>